
Microsoft Visual Studio Solution File, Format Version 12.00
# Visual Studio 15
VisualStudioVersion = 15.0.26124.0
MinimumVisualStudioVersion = 15.0.26124.0
Project("{FAE04EC0-301F-11D3-BF4B-00C04F79EFBC}") = "IceDog.Xamarin.FirstApp.Android", "IceDog.Xamarin.FirstApp\IceDog.Xamarin.FirstApp.Android\IceDog.Xamarin.FirstApp.Android.csproj", "{7315F860-E574-4608-8CD9-50DB9F415178}"
EndProject
Project("{FAE04EC0-301F-11D3-BF4B-00C04F79EFBC}") = "IceDog.Xamarin.FirstApp.iOS", "IceDog.Xamarin.FirstApp\IceDog.Xamarin.FirstApp.iOS\IceDog.Xamarin.FirstApp.iOS.csproj", "{B039D655-430E-46FF-9199-03A94766C42C}"
EndProject
Project("{FAE04EC0-301F-11D3-BF4B-00C04F79EFBC}") = "IceDog.Xamarin.FirstApp.UWP", "IceDog.Xamarin.FirstApp\IceDog.Xamarin.FirstApp.UWP\IceDog.Xamarin.FirstApp.UWP.csproj", "{98FC14D9-3ED2-4156-A254-A313383A2C96}"
EndProject
Project("{FAE04EC0-301F-11D3-BF4B-00C04F79EFBC}") = "IceDog.Xamarin.FirstApp", "IceDog.Xamarin.FirstApp\IceDog.Xamarin.FirstApp\IceDog.Xamarin.FirstApp.csproj", "{2BCDC35A-6C63-487F-A018-C152E6146D55}"
EndProject
Global
	GlobalSection(SolutionConfigurationPlatforms) = preSolution
		Ad-Hoc|Any CPU = Ad-Hoc|Any CPU
		Ad-Hoc|ARM = Ad-Hoc|ARM
		Ad-Hoc|iPhone = Ad-Hoc|iPhone
		Ad-Hoc|iPhoneSimulator = Ad-Hoc|iPhoneSimulator
		Ad-Hoc|x64 = Ad-Hoc|x64
		Ad-Hoc|x86 = Ad-Hoc|x86
		AppStore|Any CPU = AppStore|Any CPU
		AppStore|ARM = AppStore|ARM
		AppStore|iPhone = AppStore|iPhone
		AppStore|iPhoneSimulator = AppStore|iPhoneSimulator
		AppStore|x64 = AppStore|x64
		AppStore|x86 = AppStore|x86
		Debug|Any CPU = Debug|Any CPU
		Debug|ARM = Debug|ARM
		Debug|iPhone = Debug|iPhone
		Debug|iPhoneSimulator = Debug|iPhoneSimulator
		Debug|x64 = Debug|x64
		Debug|x86 = Debug|x86
		Release|Any CPU = Release|Any CPU
		Release|ARM = Release|ARM
		Release|iPhone = Release|iPhone
		Release|iPhoneSimulator = Release|iPhoneSimulator
		Release|x64 = Release|x64
		Release|x86 = Release|x86
	EndGlobalSection
	GlobalSection(ProjectConfigurationPlatforms) = postSolution
		{7315F860-E574-4608-8CD9-50DB9F415178}.Ad-Hoc|Any CPU.ActiveCfg = Release|Any CPU
		{7315F860-E574-4608-8CD9-50DB9F415178}.Ad-Hoc|Any CPU.Build.0 = Release|Any CPU
		{7315F860-E574-4608-8CD9-50DB9F415178}.Ad-Hoc|Any CPU.Deploy.0 = Release|Any CPU
		{7315F860-E574-4608-8CD9-50DB9F415178}.Ad-Hoc|ARM.ActiveCfg = Release|Any CPU
		{7315F860-E574-4608-8CD9-50DB9F415178}.Ad-Hoc|ARM.Build.0 = Release|Any CPU
		{7315F860-E574-4608-8CD9-50DB9F415178}.Ad-Hoc|ARM.Deploy.0 = Release|Any CPU
		{7315F860-E574-4608-8CD9-50DB9F415178}.Ad-Hoc|iPhone.ActiveCfg = Release|Any CPU
		{7315F860-E574-4608-8CD9-50DB9F415178}.Ad-Hoc|iPhone.Build.0 = Release|Any CPU
		{7315F860-E574-4608-8CD9-50DB9F415178}.Ad-Hoc|iPhone.Deploy.0 = Release|Any CPU
		{7315F860-E574-4608-8CD9-50DB9F415178}.Ad-Hoc|iPhoneSimulator.ActiveCfg = Release|Any CPU
		{7315F860-E574-4608-8CD9-50DB9F415178}.Ad-Hoc|iPhoneSimulator.Build.0 = Release|Any CPU
		{7315F860-E574-4608-8CD9-50DB9F415178}.Ad-Hoc|iPhoneSimulator.Deploy.0 = Release|Any CPU
		{7315F860-E574-4608-8CD9-50DB9F415178}.Ad-Hoc|x64.ActiveCfg = Release|Any CPU
		{7315F860-E574-4608-8CD9-50DB9F415178}.Ad-Hoc|x64.Build.0 = Release|Any CPU
		{7315F860-E574-4608-8CD9-50DB9F415178}.Ad-Hoc|x64.Deploy.0 = Release|Any CPU
		{7315F860-E574-4608-8CD9-50DB9F415178}.Ad-Hoc|x86.ActiveCfg = Release|Any CPU
		{7315F860-E574-4608-8CD9-50DB9F415178}.Ad-Hoc|x86.Build.0 = Release|Any CPU
		{7315F860-E574-4608-8CD9-50DB9F415178}.Ad-Hoc|x86.Deploy.0 = Release|Any CPU
		{7315F860-E574-4608-8CD9-50DB9F415178}.AppStore|Any CPU.ActiveCfg = Release|Any CPU
		{7315F860-E574-4608-8CD9-50DB9F415178}.AppStore|Any CPU.Build.0 = Release|Any CPU
		{7315F860-E574-4608-8CD9-50DB9F415178}.AppStore|Any CPU.Deploy.0 = Release|Any CPU
		{7315F860-E574-4608-8CD9-50DB9F415178}.AppStore|ARM.ActiveCfg = Release|Any CPU
		{7315F860-E574-4608-8CD9-50DB9F415178}.AppStore|ARM.Build.0 = Release|Any CPU
		{7315F860-E574-4608-8CD9-50DB9F415178}.AppStore|ARM.Deploy.0 = Release|Any CPU
		{7315F860-E574-4608-8CD9-50DB9F415178}.AppStore|iPhone.ActiveCfg = Release|Any CPU
		{7315F860-E574-4608-8CD9-50DB9F415178}.AppStore|iPhone.Build.0 = Release|Any CPU
		{7315F860-E574-4608-8CD9-50DB9F415178}.AppStore|iPhone.Deploy.0 = Release|Any CPU
		{7315F860-E574-4608-8CD9-50DB9F415178}.AppStore|iPhoneSimulator.ActiveCfg = Release|Any CPU
		{7315F860-E574-4608-8CD9-50DB9F415178}.AppStore|iPhoneSimulator.Build.0 = Release|Any CPU
		{7315F860-E574-4608-8CD9-50DB9F415178}.AppStore|iPhoneSimulator.Deploy.0 = Release|Any CPU
		{7315F860-E574-4608-8CD9-50DB9F415178}.AppStore|x64.ActiveCfg = Release|Any CPU
		{7315F860-E574-4608-8CD9-50DB9F415178}.AppStore|x64.Build.0 = Release|Any CPU
		{7315F860-E574-4608-8CD9-50DB9F415178}.AppStore|x64.Deploy.0 = Release|Any CPU
		{7315F860-E574-4608-8CD9-50DB9F415178}.AppStore|x86.ActiveCfg = Release|Any CPU
		{7315F860-E574-4608-8CD9-50DB9F415178}.AppStore|x86.Build.0 = Release|Any CPU
		{7315F860-E574-4608-8CD9-50DB9F415178}.AppStore|x86.Deploy.0 = Release|Any CPU
		{7315F860-E574-4608-8CD9-50DB9F415178}.Debug|Any CPU.ActiveCfg = Debug|Any CPU
		{7315F860-E574-4608-8CD9-50DB9F415178}.Debug|Any CPU.Build.0 = Debug|Any CPU
		{7315F860-E574-4608-8CD9-50DB9F415178}.Debug|Any CPU.Deploy.0 = Debug|Any CPU
		{7315F860-E574-4608-8CD9-50DB9F415178}.Debug|ARM.ActiveCfg = Debug|Any CPU
		{7315F860-E574-4608-8CD9-50DB9F415178}.Debug|ARM.Build.0 = Debug|Any CPU
		{7315F860-E574-4608-8CD9-50DB9F415178}.Debug|ARM.Deploy.0 = Debug|Any CPU
		{7315F860-E574-4608-8CD9-50DB9F415178}.Debug|iPhone.ActiveCfg = Debug|Any CPU
		{7315F860-E574-4608-8CD9-50DB9F415178}.Debug|iPhone.Build.0 = Debug|Any CPU
		{7315F860-E574-4608-8CD9-50DB9F415178}.Debug|iPhone.Deploy.0 = Debug|Any CPU
		{7315F860-E574-4608-8CD9-50DB9F415178}.Debug|iPhoneSimulator.ActiveCfg = Debug|Any CPU
		{7315F860-E574-4608-8CD9-50DB9F415178}.Debug|iPhoneSimulator.Build.0 = Debug|Any CPU
		{7315F860-E574-4608-8CD9-50DB9F415178}.Debug|iPhoneSimulator.Deploy.0 = Debug|Any CPU
		{7315F860-E574-4608-8CD9-50DB9F415178}.Debug|x64.ActiveCfg = Debug|Any CPU
		{7315F860-E574-4608-8CD9-50DB9F415178}.Debug|x64.Build.0 = Debug|Any CPU
		{7315F860-E574-4608-8CD9-50DB9F415178}.Debug|x64.Deploy.0 = Debug|Any CPU
		{7315F860-E574-4608-8CD9-50DB9F415178}.Debug|x86.ActiveCfg = Debug|Any CPU
		{7315F860-E574-4608-8CD9-50DB9F415178}.Debug|x86.Build.0 = Debug|Any CPU
		{7315F860-E574-4608-8CD9-50DB9F415178}.Debug|x86.Deploy.0 = Debug|Any CPU
		{7315F860-E574-4608-8CD9-50DB9F415178}.Release|Any CPU.ActiveCfg = Release|Any CPU
		{7315F860-E574-4608-8CD9-50DB9F415178}.Release|Any CPU.Build.0 = Release|Any CPU
		{7315F860-E574-4608-8CD9-50DB9F415178}.Release|Any CPU.Deploy.0 = Release|Any CPU
		{7315F860-E574-4608-8CD9-50DB9F415178}.Release|ARM.ActiveCfg = Release|Any CPU
		{7315F860-E574-4608-8CD9-50DB9F415178}.Release|ARM.Build.0 = Release|Any CPU
		{7315F860-E574-4608-8CD9-50DB9F415178}.Release|ARM.Deploy.0 = Release|Any CPU
		{7315F860-E574-4608-8CD9-50DB9F415178}.Release|iPhone.ActiveCfg = Release|Any CPU
		{7315F860-E574-4608-8CD9-50DB9F415178}.Release|iPhone.Build.0 = Release|Any CPU
		{7315F860-E574-4608-8CD9-50DB9F415178}.Release|iPhone.Deploy.0 = Release|Any CPU
		{7315F860-E574-4608-8CD9-50DB9F415178}.Release|iPhoneSimulator.ActiveCfg = Release|Any CPU
		{7315F860-E574-4608-8CD9-50DB9F415178}.Release|iPhoneSimulator.Build.0 = Release|Any CPU
		{7315F860-E574-4608-8CD9-50DB9F415178}.Release|iPhoneSimulator.Deploy.0 = Release|Any CPU
		{7315F860-E574-4608-8CD9-50DB9F415178}.Release|x64.ActiveCfg = Release|Any CPU
		{7315F860-E574-4608-8CD9-50DB9F415178}.Release|x64.Build.0 = Release|Any CPU
		{7315F860-E574-4608-8CD9-50DB9F415178}.Release|x64.Deploy.0 = Release|Any CPU
		{7315F860-E574-4608-8CD9-50DB9F415178}.Release|x86.ActiveCfg = Release|Any CPU
		{7315F860-E574-4608-8CD9-50DB9F415178}.Release|x86.Build.0 = Release|Any CPU
		{7315F860-E574-4608-8CD9-50DB9F415178}.Release|x86.Deploy.0 = Release|Any CPU
		{B039D655-430E-46FF-9199-03A94766C42C}.Ad-Hoc|Any CPU.ActiveCfg = Ad-Hoc|iPhone
		{B039D655-430E-46FF-9199-03A94766C42C}.Ad-Hoc|ARM.ActiveCfg = Ad-Hoc|iPhone
		{B039D655-430E-46FF-9199-03A94766C42C}.Ad-Hoc|iPhone.ActiveCfg = Ad-Hoc|iPhone
		{B039D655-430E-46FF-9199-03A94766C42C}.Ad-Hoc|iPhone.Build.0 = Ad-Hoc|iPhone
		{B039D655-430E-46FF-9199-03A94766C42C}.Ad-Hoc|iPhoneSimulator.ActiveCfg = Ad-Hoc|iPhoneSimulator
		{B039D655-430E-46FF-9199-03A94766C42C}.Ad-Hoc|iPhoneSimulator.Build.0 = Ad-Hoc|iPhoneSimulator
		{B039D655-430E-46FF-9199-03A94766C42C}.Ad-Hoc|x64.ActiveCfg = Ad-Hoc|iPhone
		{B039D655-430E-46FF-9199-03A94766C42C}.Ad-Hoc|x86.ActiveCfg = Ad-Hoc|iPhone
		{B039D655-430E-46FF-9199-03A94766C42C}.AppStore|Any CPU.ActiveCfg = AppStore|iPhone
		{B039D655-430E-46FF-9199-03A94766C42C}.AppStore|ARM.ActiveCfg = AppStore|iPhone
		{B039D655-430E-46FF-9199-03A94766C42C}.AppStore|iPhone.ActiveCfg = AppStore|iPhone
		{B039D655-430E-46FF-9199-03A94766C42C}.AppStore|iPhone.Build.0 = AppStore|iPhone
		{B039D655-430E-46FF-9199-03A94766C42C}.AppStore|iPhoneSimulator.ActiveCfg = AppStore|iPhoneSimulator
		{B039D655-430E-46FF-9199-03A94766C42C}.AppStore|iPhoneSimulator.Build.0 = AppStore|iPhoneSimulator
		{B039D655-430E-46FF-9199-03A94766C42C}.AppStore|x64.ActiveCfg = AppStore|iPhone
		{B039D655-430E-46FF-9199-03A94766C42C}.AppStore|x86.ActiveCfg = AppStore|iPhone
		{B039D655-430E-46FF-9199-03A94766C42C}.Debug|Any CPU.ActiveCfg = Debug|iPhone
		{B039D655-430E-46FF-9199-03A94766C42C}.Debug|ARM.ActiveCfg = Debug|iPhone
		{B039D655-430E-46FF-9199-03A94766C42C}.Debug|iPhone.ActiveCfg = Debug|iPhone
		{B039D655-430E-46FF-9199-03A94766C42C}.Debug|iPhone.Build.0 = Debug|iPhone
		{B039D655-430E-46FF-9199-03A94766C42C}.Debug|iPhoneSimulator.ActiveCfg = Debug|iPhoneSimulator
		{B039D655-430E-46FF-9199-03A94766C42C}.Debug|iPhoneSimulator.Build.0 = Debug|iPhoneSimulator
		{B039D655-430E-46FF-9199-03A94766C42C}.Debug|x64.ActiveCfg = Debug|iPhone
		{B039D655-430E-46FF-9199-03A94766C42C}.Debug|x86.ActiveCfg = Debug|iPhone
		{B039D655-430E-46FF-9199-03A94766C42C}.Release|Any CPU.ActiveCfg = Release|iPhone
		{B039D655-430E-46FF-9199-03A94766C42C}.Release|ARM.ActiveCfg = Release|iPhone
		{B039D655-430E-46FF-9199-03A94766C42C}.Release|iPhone.ActiveCfg = Release|iPhone
		{B039D655-430E-46FF-9199-03A94766C42C}.Release|iPhone.Build.0 = Release|iPhone
		{B039D655-430E-46FF-9199-03A94766C42C}.Release|iPhoneSimulator.ActiveCfg = Release|iPhoneSimulator
		{B039D655-430E-46FF-9199-03A94766C42C}.Release|iPhoneSimulator.Build.0 = Release|iPhoneSimulator
		{B039D655-430E-46FF-9199-03A94766C42C}.Release|x64.ActiveCfg = Release|iPhone
		{B039D655-430E-46FF-9199-03A94766C42C}.Release|x86.ActiveCfg = Release|iPhone
		{98FC14D9-3ED2-4156-A254-A313383A2C96}.Ad-Hoc|Any CPU.ActiveCfg = Release|x86
		{98FC14D9-3ED2-4156-A254-A313383A2C96}.Ad-Hoc|Any CPU.Build.0 = Release|x86
		{98FC14D9-3ED2-4156-A254-A313383A2C96}.Ad-Hoc|Any CPU.Deploy.0 = Release|x86
		{98FC14D9-3ED2-4156-A254-A313383A2C96}.Ad-Hoc|ARM.ActiveCfg = Release|ARM
		{98FC14D9-3ED2-4156-A254-A313383A2C96}.Ad-Hoc|ARM.Build.0 = Release|ARM
		{98FC14D9-3ED2-4156-A254-A313383A2C96}.Ad-Hoc|ARM.Deploy.0 = Release|ARM
		{98FC14D9-3ED2-4156-A254-A313383A2C96}.Ad-Hoc|iPhone.ActiveCfg = Release|x86
		{98FC14D9-3ED2-4156-A254-A313383A2C96}.Ad-Hoc|iPhone.Build.0 = Release|x86
		{98FC14D9-3ED2-4156-A254-A313383A2C96}.Ad-Hoc|iPhone.Deploy.0 = Release|x86
		{98FC14D9-3ED2-4156-A254-A313383A2C96}.Ad-Hoc|iPhoneSimulator.ActiveCfg = Release|x86
		{98FC14D9-3ED2-4156-A254-A313383A2C96}.Ad-Hoc|iPhoneSimulator.Build.0 = Release|x86
		{98FC14D9-3ED2-4156-A254-A313383A2C96}.Ad-Hoc|iPhoneSimulator.Deploy.0 = Release|x86
		{98FC14D9-3ED2-4156-A254-A313383A2C96}.Ad-Hoc|x64.ActiveCfg = Release|x64
		{98FC14D9-3ED2-4156-A254-A313383A2C96}.Ad-Hoc|x64.Build.0 = Release|x64
		{98FC14D9-3ED2-4156-A254-A313383A2C96}.Ad-Hoc|x64.Deploy.0 = Release|x64
		{98FC14D9-3ED2-4156-A254-A313383A2C96}.Ad-Hoc|x86.ActiveCfg = Release|x86
		{98FC14D9-3ED2-4156-A254-A313383A2C96}.Ad-Hoc|x86.Build.0 = Release|x86
		{98FC14D9-3ED2-4156-A254-A313383A2C96}.Ad-Hoc|x86.Deploy.0 = Release|x86
		{98FC14D9-3ED2-4156-A254-A313383A2C96}.AppStore|Any CPU.ActiveCfg = Release|x86
		{98FC14D9-3ED2-4156-A254-A313383A2C96}.AppStore|Any CPU.Build.0 = Release|x86
		{98FC14D9-3ED2-4156-A254-A313383A2C96}.AppStore|Any CPU.Deploy.0 = Release|x86
		{98FC14D9-3ED2-4156-A254-A313383A2C96}.AppStore|ARM.ActiveCfg = Release|ARM
		{98FC14D9-3ED2-4156-A254-A313383A2C96}.AppStore|ARM.Build.0 = Release|ARM
		{98FC14D9-3ED2-4156-A254-A313383A2C96}.AppStore|ARM.Deploy.0 = Release|ARM
		{98FC14D9-3ED2-4156-A254-A313383A2C96}.AppStore|iPhone.ActiveCfg = Release|x86
		{98FC14D9-3ED2-4156-A254-A313383A2C96}.AppStore|iPhone.Build.0 = Release|x86
		{98FC14D9-3ED2-4156-A254-A313383A2C96}.AppStore|iPhone.Deploy.0 = Release|x86
		{98FC14D9-3ED2-4156-A254-A313383A2C96}.AppStore|iPhoneSimulator.ActiveCfg = Release|x86
		{98FC14D9-3ED2-4156-A254-A313383A2C96}.AppStore|iPhoneSimulator.Build.0 = Release|x86
		{98FC14D9-3ED2-4156-A254-A313383A2C96}.AppStore|iPhoneSimulator.Deploy.0 = Release|x86
		{98FC14D9-3ED2-4156-A254-A313383A2C96}.AppStore|x64.ActiveCfg = Release|x64
		{98FC14D9-3ED2-4156-A254-A313383A2C96}.AppStore|x64.Build.0 = Release|x64
		{98FC14D9-3ED2-4156-A254-A313383A2C96}.AppStore|x64.Deploy.0 = Release|x64
		{98FC14D9-3ED2-4156-A254-A313383A2C96}.AppStore|x86.ActiveCfg = Release|x86
		{98FC14D9-3ED2-4156-A254-A313383A2C96}.AppStore|x86.Build.0 = Release|x86
		{98FC14D9-3ED2-4156-A254-A313383A2C96}.AppStore|x86.Deploy.0 = Release|x86
		{98FC14D9-3ED2-4156-A254-A313383A2C96}.Debug|Any CPU.ActiveCfg = Debug|x86
		{98FC14D9-3ED2-4156-A254-A313383A2C96}.Debug|ARM.ActiveCfg = Debug|ARM
		{98FC14D9-3ED2-4156-A254-A313383A2C96}.Debug|ARM.Build.0 = Debug|ARM
		{98FC14D9-3ED2-4156-A254-A313383A2C96}.Debug|ARM.Deploy.0 = Debug|ARM
		{98FC14D9-3ED2-4156-A254-A313383A2C96}.Debug|iPhone.ActiveCfg = Debug|x86
		{98FC14D9-3ED2-4156-A254-A313383A2C96}.Debug|iPhoneSimulator.ActiveCfg = Debug|x86
		{98FC14D9-3ED2-4156-A254-A313383A2C96}.Debug|x64.ActiveCfg = Debug|x64
		{98FC14D9-3ED2-4156-A254-A313383A2C96}.Debug|x64.Build.0 = Debug|x64
		{98FC14D9-3ED2-4156-A254-A313383A2C96}.Debug|x64.Deploy.0 = Debug|x64
		{98FC14D9-3ED2-4156-A254-A313383A2C96}.Debug|x86.ActiveCfg = Debug|x86
		{98FC14D9-3ED2-4156-A254-A313383A2C96}.Debug|x86.Build.0 = Debug|x86
		{98FC14D9-3ED2-4156-A254-A313383A2C96}.Debug|x86.Deploy.0 = Debug|x86
		{98FC14D9-3ED2-4156-A254-A313383A2C96}.Release|Any CPU.ActiveCfg = Release|x86
		{98FC14D9-3ED2-4156-A254-A313383A2C96}.Release|ARM.ActiveCfg = Release|ARM
		{98FC14D9-3ED2-4156-A254-A313383A2C96}.Release|ARM.Build.0 = Release|ARM
		{98FC14D9-3ED2-4156-A254-A313383A2C96}.Release|ARM.Deploy.0 = Release|ARM
		{98FC14D9-3ED2-4156-A254-A313383A2C96}.Release|iPhone.ActiveCfg = Release|x86
		{98FC14D9-3ED2-4156-A254-A313383A2C96}.Release|iPhoneSimulator.ActiveCfg = Release|x86
		{98FC14D9-3ED2-4156-A254-A313383A2C96}.Release|x64.ActiveCfg = Release|x64
		{98FC14D9-3ED2-4156-A254-A313383A2C96}.Release|x64.Build.0 = Release|x64
		{98FC14D9-3ED2-4156-A254-A313383A2C96}.Release|x64.Deploy.0 = Release|x64
		{98FC14D9-3ED2-4156-A254-A313383A2C96}.Release|x86.ActiveCfg = Release|x86
		{98FC14D9-3ED2-4156-A254-A313383A2C96}.Release|x86.Build.0 = Release|x86
		{98FC14D9-3ED2-4156-A254-A313383A2C96}.Release|x86.Deploy.0 = Release|x86
		{2BCDC35A-6C63-487F-A018-C152E6146D55}.Ad-Hoc|Any CPU.ActiveCfg = Debug|Any CPU
		{2BCDC35A-6C63-487F-A018-C152E6146D55}.Ad-Hoc|Any CPU.Build.0 = Debug|Any CPU
		{2BCDC35A-6C63-487F-A018-C152E6146D55}.Ad-Hoc|ARM.ActiveCfg = Debug|Any CPU
		{2BCDC35A-6C63-487F-A018-C152E6146D55}.Ad-Hoc|ARM.Build.0 = Debug|Any CPU
		{2BCDC35A-6C63-487F-A018-C152E6146D55}.Ad-Hoc|iPhone.ActiveCfg = Debug|Any CPU
		{2BCDC35A-6C63-487F-A018-C152E6146D55}.Ad-Hoc|iPhone.Build.0 = Debug|Any CPU
		{2BCDC35A-6C63-487F-A018-C152E6146D55}.Ad-Hoc|iPhoneSimulator.ActiveCfg = Debug|Any CPU
		{2BCDC35A-6C63-487F-A018-C152E6146D55}.Ad-Hoc|iPhoneSimulator.Build.0 = Debug|Any CPU
		{2BCDC35A-6C63-487F-A018-C152E6146D55}.Ad-Hoc|x64.ActiveCfg = Debug|Any CPU
		{2BCDC35A-6C63-487F-A018-C152E6146D55}.Ad-Hoc|x64.Build.0 = Debug|Any CPU
		{2BCDC35A-6C63-487F-A018-C152E6146D55}.Ad-Hoc|x86.ActiveCfg = Debug|Any CPU
		{2BCDC35A-6C63-487F-A018-C152E6146D55}.Ad-Hoc|x86.Build.0 = Debug|Any CPU
		{2BCDC35A-6C63-487F-A018-C152E6146D55}.AppStore|Any CPU.ActiveCfg = Debug|Any CPU
		{2BCDC35A-6C63-487F-A018-C152E6146D55}.AppStore|Any CPU.Build.0 = Debug|Any CPU
		{2BCDC35A-6C63-487F-A018-C152E6146D55}.AppStore|ARM.ActiveCfg = Debug|Any CPU
		{2BCDC35A-6C63-487F-A018-C152E6146D55}.AppStore|ARM.Build.0 = Debug|Any CPU
		{2BCDC35A-6C63-487F-A018-C152E6146D55}.AppStore|iPhone.ActiveCfg = Debug|Any CPU
		{2BCDC35A-6C63-487F-A018-C152E6146D55}.AppStore|iPhone.Build.0 = Debug|Any CPU
		{2BCDC35A-6C63-487F-A018-C152E6146D55}.AppStore|iPhoneSimulator.ActiveCfg = Debug|Any CPU
		{2BCDC35A-6C63-487F-A018-C152E6146D55}.AppStore|iPhoneSimulator.Build.0 = Debug|Any CPU
		{2BCDC35A-6C63-487F-A018-C152E6146D55}.AppStore|x64.ActiveCfg = Debug|Any CPU
		{2BCDC35A-6C63-487F-A018-C152E6146D55}.AppStore|x64.Build.0 = Debug|Any CPU
		{2BCDC35A-6C63-487F-A018-C152E6146D55}.AppStore|x86.ActiveCfg = Debug|Any CPU
		{2BCDC35A-6C63-487F-A018-C152E6146D55}.AppStore|x86.Build.0 = Debug|Any CPU
		{2BCDC35A-6C63-487F-A018-C152E6146D55}.Debug|Any CPU.ActiveCfg = Debug|Any CPU
		{2BCDC35A-6C63-487F-A018-C152E6146D55}.Debug|Any CPU.Build.0 = Debug|Any CPU
		{2BCDC35A-6C63-487F-A018-C152E6146D55}.Debug|ARM.ActiveCfg = Debug|Any CPU
		{2BCDC35A-6C63-487F-A018-C152E6146D55}.Debug|ARM.Build.0 = Debug|Any CPU
		{2BCDC35A-6C63-487F-A018-C152E6146D55}.Debug|iPhone.ActiveCfg = Debug|Any CPU
		{2BCDC35A-6C63-487F-A018-C152E6146D55}.Debug|iPhone.Build.0 = Debug|Any CPU
		{2BCDC35A-6C63-487F-A018-C152E6146D55}.Debug|iPhoneSimulator.ActiveCfg = Debug|Any CPU
		{2BCDC35A-6C63-487F-A018-C152E6146D55}.Debug|iPhoneSimulator.Build.0 = Debug|Any CPU
		{2BCDC35A-6C63-487F-A018-C152E6146D55}.Debug|x64.ActiveCfg = Debug|Any CPU
		{2BCDC35A-6C63-487F-A018-C152E6146D55}.Debug|x64.Build.0 = Debug|Any CPU
		{2BCDC35A-6C63-487F-A018-C152E6146D55}.Debug|x86.ActiveCfg = Debug|Any CPU
		{2BCDC35A-6C63-487F-A018-C152E6146D55}.Debug|x86.Build.0 = Debug|Any CPU
		{2BCDC35A-6C63-487F-A018-C152E6146D55}.Release|Any CPU.ActiveCfg = Release|Any CPU
		{2BCDC35A-6C63-487F-A018-C152E6146D55}.Release|Any CPU.Build.0 = Release|Any CPU
		{2BCDC35A-6C63-487F-A018-C152E6146D55}.Release|ARM.ActiveCfg = Release|Any CPU
		{2BCDC35A-6C63-487F-A018-C152E6146D55}.Release|ARM.Build.0 = Release|Any CPU
		{2BCDC35A-6C63-487F-A018-C152E6146D55}.Release|iPhone.ActiveCfg = Release|Any CPU
		{2BCDC35A-6C63-487F-A018-C152E6146D55}.Release|iPhone.Build.0 = Release|Any CPU
		{2BCDC35A-6C63-487F-A018-C152E6146D55}.Release|iPhoneSimulator.ActiveCfg = Release|Any CPU
		{2BCDC35A-6C63-487F-A018-C152E6146D55}.Release|iPhoneSimulator.Build.0 = Release|Any CPU
		{2BCDC35A-6C63-487F-A018-C152E6146D55}.Release|x64.ActiveCfg = Release|Any CPU
		{2BCDC35A-6C63-487F-A018-C152E6146D55}.Release|x64.Build.0 = Release|Any CPU
		{2BCDC35A-6C63-487F-A018-C152E6146D55}.Release|x86.ActiveCfg = Release|Any CPU
		{2BCDC35A-6C63-487F-A018-C152E6146D55}.Release|x86.Build.0 = Release|Any CPU
	EndGlobalSection
	GlobalSection(SolutionProperties) = preSolution
		HideSolutionNode = FALSE
	EndGlobalSection
	GlobalSection(ExtensibilityGlobals) = postSolution
		SolutionGuid = {7D7DBC3A-0FBF-4AB0-B1C3-CB8B63F933DB}
	EndGlobalSection
EndGlobal
